Microsoft Visual Studio Solution File, Format Version 12.00
# Visual Studio 2012
Project("{FAE04EC0-301F-11D3-BF4B-00C04F79EFBC}") = "Space Potato", "Space Potato.csproj", "{2FD938D8-5CD2-4E3A-B80A-331BB76CCFCB}"
EndProject
Global
	GlobalSection(SolutionConfigurationPlatforms) = preSolution
	Debug|Any CPU = Debug|Any CPU
	ExportDebug|Any CPU = ExportDebug|Any CPU
	ExportRelease|Any CPU = ExportRelease|Any CPU
	EndGlobalSection
	GlobalSection(ProjectConfigurationPlatforms) = postSolution
		{2FD938D8-5CD2-4E3A-B80A-331BB76CCFCB}.Debug|Any CPU.ActiveCfg = Debug|Any CPU
		{2FD938D8-5CD2-4E3A-B80A-331BB76CCFCB}.Debug|Any CPU.Build.0 = Debug|Any CPU
		{2FD938D8-5CD2-4E3A-B80A-331BB76CCFCB}.ExportDebug|Any CPU.ActiveCfg = ExportDebug|Any CPU
		{2FD938D8-5CD2-4E3A-B80A-331BB76CCFCB}.ExportDebug|Any CPU.Build.0 = ExportDebug|Any CPU
		{2FD938D8-5CD2-4E3A-B80A-331BB76CCFCB}.ExportRelease|Any CPU.ActiveCfg = ExportRelease|Any CPU
		{2FD938D8-5CD2-4E3A-B80A-331BB76CCFCB}.ExportRelease|Any CPU.Build.0 = ExportRelease|Any CPU
	EndGlobalSection
EndGlobal
